
Microsoft Visual Studio Solution File, Format Version 12.00
# Visual Studio 14
VisualStudioVersion = 14.0.23107.0
MinimumVisualStudioVersion = 10.0.40219.1
Project("{FAE04EC0-301F-11D3-BF4B-00C04F79EFBC}") = "SortingApplication", "SortingApplication\SortingApplication.csproj", "{C41ACCC8-1A63-4BAB-AB72-160A4FA33103}"
EndProject
Global
	GlobalSection(SolutionConfigurationPlatforms) = preSolution
		Debug|Any CPU = Debug|Any CPU
		Release|Any CPU = Release|Any CPU
	EndGlobalSection
	GlobalSection(ProjectConfigurationPlatforms) = postSolution
		{C41ACCC8-1A63-4BAB-AB72-160A4FA33103}.Debug|Any CPU.ActiveCfg = Debug|Any CPU
		{C41ACCC8-1A63-4BAB-AB72-160A4FA33103}.Debug|Any CPU.Build.0 = Debug|Any CPU
		{C41ACCC8-1A63-4BAB-AB72-160A4FA33103}.Release|Any CPU.ActiveCfg = Release|Any CPU
		{C41ACCC8-1A63-4BAB-AB72-160A4FA33103}.Release|Any CPU.Build.0 = Release|Any CPU
	EndGlobalSection
	GlobalSection(SolutionProperties) = preSolution
		HideSolutionNode = FALSE
	EndGlobalSection
EndGlobal
